
Microsoft Visual Studio Solution File, Format Version 12.00
# Visual Studio 2012
# Ranorex Studio 9.2.0
VisualStudioVersion = 12.0.20827.3
MinimumVisualStudioVersion = 10.0.40219.1
Project("{2150E333-8FDC-42A3-9474-1A3956D46DE8}") = "Solution Items", "Solution Items", "{AAC9B447-B995-4280-8ACB-B3FC18C24B1C}"
	ProjectSection(SolutionItems) = postProject
		Ranorex = .\Ranorex.rxsettings
	EndProjectSection
EndProject
Project("{FAE04EC0-301F-11D3-BF4B-00C04F79EFBC}") = "Webinear", "Webinear\Webinear.csproj", "{DD262A33-E6F5-4F91-A02A-67C5D2241A95}"
EndProject
Project("{FAE04EC0-301F-11D3-BF4B-00C04F79EFBC}") = "Desktop", "Desktop\Desktop.csproj", "{A9EE0D4A-ECF6-4F74-813E-0937ABE8157F}"
EndProject
Project("{FAE04EC0-301F-11D3-BF4B-00C04F79EFBC}") = "MobileBrowse", "MobileBrowse\MobileBrowse.csproj", "{56DF980A-11EA-4FD6-B943-087C6034229A}"
EndProject
Project("{FAE04EC0-301F-11D3-BF4B-00C04F79EFBC}") = "Mobile", "Mobile\Mobile.csproj", "{AA5DAB1F-070D-4054-9D4E-B68EE3589E76}"
EndProject
Project("{FAE04EC0-301F-11D3-BF4B-00C04F79EFBC}") = "Web", "Web\Web.csproj", "{B6472F23-E620-4B3E-B251-060DC6DDA86D}"
EndProject
Project("{FAE04EC0-301F-11D3-BF4B-00C04F79EFBC}") = "PruebaOneDrive", "PruebaOneDrive\PruebaOneDrive.csproj", "{B2E2BA79-5D74-4A91-B64A-0F3570D9D349}"
EndProject
Global
	GlobalSection(SolutionConfigurationPlatforms) = preSolution
		Debug|x86 = Debug|x86
		Release|x86 = Release|x86
	EndGlobalSection
	GlobalSection(ProjectConfigurationPlatforms) = postSolution
		{DD262A33-E6F5-4F91-A02A-67C5D2241A95}.Debug|x86.Build.0 = Debug|x86
		{DD262A33-E6F5-4F91-A02A-67C5D2241A95}.Debug|x86.ActiveCfg = Debug|x86
		{DD262A33-E6F5-4F91-A02A-67C5D2241A95}.Release|x86.Build.0 = Release|x86
		{DD262A33-E6F5-4F91-A02A-67C5D2241A95}.Release|x86.ActiveCfg = Release|x86
		{A9EE0D4A-ECF6-4F74-813E-0937ABE8157F}.Debug|x86.Build.0 = Debug|x86
		{A9EE0D4A-ECF6-4F74-813E-0937ABE8157F}.Debug|x86.ActiveCfg = Debug|x86
		{A9EE0D4A-ECF6-4F74-813E-0937ABE8157F}.Release|x86.Build.0 = Release|x86
		{A9EE0D4A-ECF6-4F74-813E-0937ABE8157F}.Release|x86.ActiveCfg = Release|x86
		{56DF980A-11EA-4FD6-B943-087C6034229A}.Debug|x86.Build.0 = Debug|x86
		{56DF980A-11EA-4FD6-B943-087C6034229A}.Debug|x86.ActiveCfg = Debug|x86
		{56DF980A-11EA-4FD6-B943-087C6034229A}.Release|x86.Build.0 = Release|x86
		{56DF980A-11EA-4FD6-B943-087C6034229A}.Release|x86.ActiveCfg = Release|x86
		{AA5DAB1F-070D-4054-9D4E-B68EE3589E76}.Debug|x86.Build.0 = Debug|x86
		{AA5DAB1F-070D-4054-9D4E-B68EE3589E76}.Debug|x86.ActiveCfg = Debug|x86
		{AA5DAB1F-070D-4054-9D4E-B68EE3589E76}.Release|x86.Build.0 = Release|x86
		{AA5DAB1F-070D-4054-9D4E-B68EE3589E76}.Release|x86.ActiveCfg = Release|x86
		{B6472F23-E620-4B3E-B251-060DC6DDA86D}.Debug|x86.Build.0 = Debug|x86
		{B6472F23-E620-4B3E-B251-060DC6DDA86D}.Debug|x86.ActiveCfg = Debug|x86
		{B6472F23-E620-4B3E-B251-060DC6DDA86D}.Release|x86.Build.0 = Release|x86
		{B6472F23-E620-4B3E-B251-060DC6DDA86D}.Release|x86.ActiveCfg = Release|x86
		{B2E2BA79-5D74-4A91-B64A-0F3570D9D349}.Debug|x86.Build.0 = Debug|x86
		{B2E2BA79-5D74-4A91-B64A-0F3570D9D349}.Debug|x86.ActiveCfg = Debug|x86
		{B2E2BA79-5D74-4A91-B64A-0F3570D9D349}.Release|x86.Build.0 = Release|x86
		{B2E2BA79-5D74-4A91-B64A-0F3570D9D349}.Release|x86.ActiveCfg = Release|x86
	EndGlobalSection
EndGlobal
